
Microsoft Visual Studio Solution File, Format Version 12.00
# Visual Studio 2017
Project("{FAE04EC0-301F-11D3-BF4B-00C04F79EFBC}") = "procedural-generation-test", "procedural-generation-test.csproj", "{ABABB3FD-00E4-9675-17A2-C37446D8A6A1}"
EndProject
Project("{FAE04EC0-301F-11D3-BF4B-00C04F79EFBC}") = "procedural-generation-test.Editor", "procedural-generation-test.Editor.csproj", "{B09B0E99-264D-1532-0E91-F34D53C603F9}"
EndProject
Global
	GlobalSection(SolutionConfigurationPlatforms) = preSolution
		Debug|Any CPU = Debug|Any CPU
		Release|Any CPU = Release|Any CPU
	EndGlobalSection
	GlobalSection(ProjectConfigurationPlatforms) = postSolution
		{ABABB3FD-00E4-9675-17A2-C37446D8A6A1}.Debug|Any CPU.ActiveCfg = Debug|Any CPU
		{ABABB3FD-00E4-9675-17A2-C37446D8A6A1}.Debug|Any CPU.Build.0 = Debug|Any CPU
		{ABABB3FD-00E4-9675-17A2-C37446D8A6A1}.Release|Any CPU.ActiveCfg = Release|Any CPU
		{ABABB3FD-00E4-9675-17A2-C37446D8A6A1}.Release|Any CPU.Build.0 = Release|Any CPU
		{B09B0E99-264D-1532-0E91-F34D53C603F9}.Debug|Any CPU.ActiveCfg = Debug|Any CPU
		{B09B0E99-264D-1532-0E91-F34D53C603F9}.Debug|Any CPU.Build.0 = Debug|Any CPU
		{B09B0E99-264D-1532-0E91-F34D53C603F9}.Release|Any CPU.ActiveCfg = Release|Any CPU
		{B09B0E99-264D-1532-0E91-F34D53C603F9}.Release|Any CPU.Build.0 = Release|Any CPU
	EndGlobalSection
	GlobalSection(SolutionProperties) = preSolution
		HideSolutionNode = FALSE
	EndGlobalSection
EndGlobal
